
Microsoft Visual Studio Solution File, Format Version 12.00
# Visual Studio 2012
Project("{8BC9CEB8-8B4A-11D0-8D11-00A0C91BC942}") = "xai_plugin", "xai_plugin\xai_plugin.vcxproj", "{85CAA0A3-5E2B-4991-BA29-D7095F1C5C54}"
	ProjectSection(ProjectDependencies) = postProject
		{16921676-8D2E-41EC-B6A0-92709543D066} = {16921676-8D2E-41EC-B6A0-92709543D066}
	EndProjectSection
EndProject
Project("{8BC9CEB8-8B4A-11D0-8D11-00A0C91BC942}") = "videorec", "videorec\videorec.vcxproj", "{16921676-8D2E-41EC-B6A0-92709543D066}"
EndProject
Global
	GlobalSection(SolutionConfigurationPlatforms) = preSolution
		Debug|PS3 = Debug|PS3
		Release|PS3 = Release|PS3
	EndGlobalSection
	GlobalSection(ProjectConfigurationPlatforms) = postSolution
		{85CAA0A3-5E2B-4991-BA29-D7095F1C5C54}.Debug|PS3.ActiveCfg = Debug|PS3
		{85CAA0A3-5E2B-4991-BA29-D7095F1C5C54}.Debug|PS3.Build.0 = Debug|PS3
		{85CAA0A3-5E2B-4991-BA29-D7095F1C5C54}.Release|PS3.ActiveCfg = Release|PS3
		{85CAA0A3-5E2B-4991-BA29-D7095F1C5C54}.Release|PS3.Build.0 = Release|PS3
		{16921676-8D2E-41EC-B6A0-92709543D066}.Debug|PS3.ActiveCfg = Debug|PS3
		{16921676-8D2E-41EC-B6A0-92709543D066}.Debug|PS3.Build.0 = Debug|PS3
		{16921676-8D2E-41EC-B6A0-92709543D066}.Release|PS3.ActiveCfg = Release|PS3
		{16921676-8D2E-41EC-B6A0-92709543D066}.Release|PS3.Build.0 = Release|PS3
	EndGlobalSection
	GlobalSection(SolutionProperties) = preSolution
		HideSolutionNode = FALSE
	EndGlobalSection
EndGlobal
